
Microsoft Visual Studio Solution File, Format Version 12.00
# Visual Studio Version 17
VisualStudioVersion = 17.13.35913.81 d17.13
MinimumVisualStudioVersion = 10.0.40219.1
Project("{FAE04EC0-301F-11D3-BF4B-00C04F79EFBC}") = "dentistry", "dentistry\dentistry.csproj", "{DEFEF3F2-5E7B-4762-8034-49BE15F730D3}"
EndProject
Global
	GlobalSection(SolutionConfigurationPlatforms) = preSolution
		Debug|Any CPU = Debug|Any CPU
		Release|Any CPU = Release|Any CPU
	EndGlobalSection
	GlobalSection(ProjectConfigurationPlatforms) = postSolution
		{DEFEF3F2-5E7B-4762-8034-49BE15F730D3}.Debug|Any CPU.ActiveCfg = Debug|Any CPU
		{DEFEF3F2-5E7B-4762-8034-49BE15F730D3}.Debug|Any CPU.Build.0 = Debug|Any CPU
		{DEFEF3F2-5E7B-4762-8034-49BE15F730D3}.Release|Any CPU.ActiveCfg = Release|Any CPU
		{DEFEF3F2-5E7B-4762-8034-49BE15F730D3}.Release|Any CPU.Build.0 = Release|Any CPU
	EndGlobalSection
	GlobalSection(SolutionProperties) = preSolution
		HideSolutionNode = FALSE
	EndGlobalSection
	GlobalSection(ExtensibilityGlobals) = postSolution
		SolutionGuid = {A72D7AFD-1D24-49CE-B47A-69DF0BCFB93E}
	EndGlobalSection
EndGlobal
